
Microsoft Visual Studio Solution File, Format Version 12.00
# Visual Studio Version 17
VisualStudioVersion = 17.10.35122.118
MinimumVisualStudioVersion = 10.0.40219.1
Project("{9A19103F-16F7-4668-BE54-9A1E7A4F7556}") = "ColorConfig", "ColorConfig.csproj", "{2A3F502C-B0DB-4C6D-BB30-87C8C9322CFE}"
EndProject
Global
	GlobalSection(SolutionConfigurationPlatforms) = preSolution
		Debug|Any CPU = Debug|Any CPU
		Release|Any CPU = Release|Any CPU
	EndGlobalSection
	GlobalSection(ProjectConfigurationPlatforms) = postSolution
		{2A3F502C-B0DB-4C6D-BB30-87C8C9322CFE}.Debug|Any CPU.ActiveCfg = Debug|Any CPU
		{2A3F502C-B0DB-4C6D-BB30-87C8C9322CFE}.Debug|Any CPU.Build.0 = Debug|Any CPU
		{2A3F502C-B0DB-4C6D-BB30-87C8C9322CFE}.Release|Any CPU.ActiveCfg = Release|Any CPU
		{2A3F502C-B0DB-4C6D-BB30-87C8C9322CFE}.Release|Any CPU.Build.0 = Release|Any CPU
	EndGlobalSection
	GlobalSection(SolutionProperties) = preSolution
		HideSolutionNode = FALSE
	EndGlobalSection
	GlobalSection(ExtensibilityGlobals) = postSolution
		SolutionGuid = {357C5D52-C1B2-427D-9A74-A07E8E039DE9}
	EndGlobalSection
EndGlobal
